
Microsoft Visual Studio Solution File, Format Version 12.00
# Visual Studio Version 17
VisualStudioVersion = 17.11.35327.3
MinimumVisualStudioVersion = 10.0.40219.1
Project("{FAE04EC0-301F-11D3-BF4B-00C04F79EFBC}") = "ZZJDMD", "Setting\ZZJDMD.csproj", "{DCF740BB-917E-44F4-A107-90B4DAA84927}"
EndProject
Project("{9A19103F-16F7-4668-BE54-9A1E7A4F7556}") = "GIfTool", "GIfTool\GIfTool.csproj", "{CC9D10D6-FDEB-4A17-9E92-8EEFE3CD9B4A}"
EndProject
Project("{FAE04EC0-301F-11D3-BF4B-00C04F79EFBC}") = "ConsoleApp2", "ConsoleApp2\ConsoleApp2.csproj", "{2E8BC5AF-3869-49FB-A8B0-F62303B28EE8}"
EndProject
Project("{FAE04EC0-301F-11D3-BF4B-00C04F79EFBC}") = "Dome", "Dome\Dome.csproj", "{21D589E8-A7A1-4B01-A38B-7A17763AAF45}"
EndProject
Project("{54435603-DBB4-11D2-8724-00A0C9A8B90C}") = "Setup", "Setup\Setup.vdproj", "{20D73415-2DA0-49E5-B13B-E2619C9D16C3}"
EndProject
Global
	GlobalSection(SolutionConfigurationPlatforms) = preSolution
		Debug|Any CPU = Debug|Any CPU
		Debug|ARM = Debug|ARM
		Debug|ARM64 = Debug|ARM64
		Debug|x64 = Debug|x64
		Debug|x86 = Debug|x86
		Release|Any CPU = Release|Any CPU
		Release|ARM = Release|ARM
		Release|ARM64 = Release|ARM64
		Release|x64 = Release|x64
		Release|x86 = Release|x86
	EndGlobalSection
	GlobalSection(ProjectConfigurationPlatforms) = postSolution
		{DCF740BB-917E-44F4-A107-90B4DAA84927}.Debug|Any CPU.ActiveCfg = Debug|Any CPU
		{DCF740BB-917E-44F4-A107-90B4DAA84927}.Debug|Any CPU.Build.0 = Debug|Any CPU
		{DCF740BB-917E-44F4-A107-90B4DAA84927}.Debug|ARM.ActiveCfg = Debug|Any CPU
		{DCF740BB-917E-44F4-A107-90B4DAA84927}.Debug|ARM.Build.0 = Debug|Any CPU
		{DCF740BB-917E-44F4-A107-90B4DAA84927}.Debug|ARM64.ActiveCfg = Debug|Any CPU
		{DCF740BB-917E-44F4-A107-90B4DAA84927}.Debug|ARM64.Build.0 = Debug|Any CPU
		{DCF740BB-917E-44F4-A107-90B4DAA84927}.Debug|x64.ActiveCfg = Debug|Any CPU
		{DCF740BB-917E-44F4-A107-90B4DAA84927}.Debug|x64.Build.0 = Debug|Any CPU
		{DCF740BB-917E-44F4-A107-90B4DAA84927}.Debug|x86.ActiveCfg = Debug|Any CPU
		{DCF740BB-917E-44F4-A107-90B4DAA84927}.Debug|x86.Build.0 = Debug|Any CPU
		{DCF740BB-917E-44F4-A107-90B4DAA84927}.Release|Any CPU.ActiveCfg = Release|Any CPU
		{DCF740BB-917E-44F4-A107-90B4DAA84927}.Release|Any CPU.Build.0 = Release|Any CPU
		{DCF740BB-917E-44F4-A107-90B4DAA84927}.Release|ARM.ActiveCfg = Release|Any CPU
		{DCF740BB-917E-44F4-A107-90B4DAA84927}.Release|ARM.Build.0 = Release|Any CPU
		{DCF740BB-917E-44F4-A107-90B4DAA84927}.Release|ARM64.ActiveCfg = Release|Any CPU
		{DCF740BB-917E-44F4-A107-90B4DAA84927}.Release|ARM64.Build.0 = Release|Any CPU
		{DCF740BB-917E-44F4-A107-90B4DAA84927}.Release|x64.ActiveCfg = Release|Any CPU
		{DCF740BB-917E-44F4-A107-90B4DAA84927}.Release|x64.Build.0 = Release|Any CPU
		{DCF740BB-917E-44F4-A107-90B4DAA84927}.Release|x86.ActiveCfg = Release|Any CPU
		{DCF740BB-917E-44F4-A107-90B4DAA84927}.Release|x86.Build.0 = Release|Any CPU
		{CC9D10D6-FDEB-4A17-9E92-8EEFE3CD9B4A}.Debug|Any CPU.ActiveCfg = Debug|Any CPU
		{CC9D10D6-FDEB-4A17-9E92-8EEFE3CD9B4A}.Debug|Any CPU.Build.0 = Debug|Any CPU
		{CC9D10D6-FDEB-4A17-9E92-8EEFE3CD9B4A}.Debug|ARM.ActiveCfg = Debug|Any CPU
		{CC9D10D6-FDEB-4A17-9E92-8EEFE3CD9B4A}.Debug|ARM.Build.0 = Debug|Any CPU
		{CC9D10D6-FDEB-4A17-9E92-8EEFE3CD9B4A}.Debug|ARM64.ActiveCfg = Debug|Any CPU
		{CC9D10D6-FDEB-4A17-9E92-8EEFE3CD9B4A}.Debug|ARM64.Build.0 = Debug|Any CPU
		{CC9D10D6-FDEB-4A17-9E92-8EEFE3CD9B4A}.Debug|x64.ActiveCfg = Debug|Any CPU
		{CC9D10D6-FDEB-4A17-9E92-8EEFE3CD9B4A}.Debug|x64.Build.0 = Debug|Any CPU
		{CC9D10D6-FDEB-4A17-9E92-8EEFE3CD9B4A}.Debug|x86.ActiveCfg = Debug|Any CPU
		{CC9D10D6-FDEB-4A17-9E92-8EEFE3CD9B4A}.Debug|x86.Build.0 = Debug|Any CPU
		{CC9D10D6-FDEB-4A17-9E92-8EEFE3CD9B4A}.Release|Any CPU.ActiveCfg = Release|Any CPU
		{CC9D10D6-FDEB-4A17-9E92-8EEFE3CD9B4A}.Release|Any CPU.Build.0 = Release|Any CPU
		{CC9D10D6-FDEB-4A17-9E92-8EEFE3CD9B4A}.Release|ARM.ActiveCfg = Release|Any CPU
		{CC9D10D6-FDEB-4A17-9E92-8EEFE3CD9B4A}.Release|ARM.Build.0 = Release|Any CPU
		{CC9D10D6-FDEB-4A17-9E92-8EEFE3CD9B4A}.Release|ARM64.ActiveCfg = Release|Any CPU
		{CC9D10D6-FDEB-4A17-9E92-8EEFE3CD9B4A}.Release|ARM64.Build.0 = Release|Any CPU
		{CC9D10D6-FDEB-4A17-9E92-8EEFE3CD9B4A}.Release|x64.ActiveCfg = Release|Any CPU
		{CC9D10D6-FDEB-4A17-9E92-8EEFE3CD9B4A}.Release|x64.Build.0 = Release|Any CPU
		{CC9D10D6-FDEB-4A17-9E92-8EEFE3CD9B4A}.Release|x86.ActiveCfg = Release|Any CPU
		{CC9D10D6-FDEB-4A17-9E92-8EEFE3CD9B4A}.Release|x86.Build.0 = Release|Any CPU
		{2E8BC5AF-3869-49FB-A8B0-F62303B28EE8}.Debug|Any CPU.ActiveCfg = Debug|Any CPU
		{2E8BC5AF-3869-49FB-A8B0-F62303B28EE8}.Debug|Any CPU.Build.0 = Debug|Any CPU
		{2E8BC5AF-3869-49FB-A8B0-F62303B28EE8}.Debug|ARM.ActiveCfg = Debug|Any CPU
		{2E8BC5AF-3869-49FB-A8B0-F62303B28EE8}.Debug|ARM.Build.0 = Debug|Any CPU
		{2E8BC5AF-3869-49FB-A8B0-F62303B28EE8}.Debug|ARM64.ActiveCfg = Debug|Any CPU
		{2E8BC5AF-3869-49FB-A8B0-F62303B28EE8}.Debug|ARM64.Build.0 = Debug|Any CPU
		{2E8BC5AF-3869-49FB-A8B0-F62303B28EE8}.Debug|x64.ActiveCfg = Debug|Any CPU
		{2E8BC5AF-3869-49FB-A8B0-F62303B28EE8}.Debug|x64.Build.0 = Debug|Any CPU
		{2E8BC5AF-3869-49FB-A8B0-F62303B28EE8}.Debug|x86.ActiveCfg = Debug|Any CPU
		{2E8BC5AF-3869-49FB-A8B0-F62303B28EE8}.Debug|x86.Build.0 = Debug|Any CPU
		{2E8BC5AF-3869-49FB-A8B0-F62303B28EE8}.Release|Any CPU.ActiveCfg = Release|Any CPU
		{2E8BC5AF-3869-49FB-A8B0-F62303B28EE8}.Release|Any CPU.Build.0 = Release|Any CPU
		{2E8BC5AF-3869-49FB-A8B0-F62303B28EE8}.Release|ARM.ActiveCfg = Release|Any CPU
		{2E8BC5AF-3869-49FB-A8B0-F62303B28EE8}.Release|ARM.Build.0 = Release|Any CPU
		{2E8BC5AF-3869-49FB-A8B0-F62303B28EE8}.Release|ARM64.ActiveCfg = Release|Any CPU
		{2E8BC5AF-3869-49FB-A8B0-F62303B28EE8}.Release|ARM64.Build.0 = Release|Any CPU
		{2E8BC5AF-3869-49FB-A8B0-F62303B28EE8}.Release|x64.ActiveCfg = Release|Any CPU
		{2E8BC5AF-3869-49FB-A8B0-F62303B28EE8}.Release|x64.Build.0 = Release|Any CPU
		{2E8BC5AF-3869-49FB-A8B0-F62303B28EE8}.Release|x86.ActiveCfg = Release|Any CPU
		{2E8BC5AF-3869-49FB-A8B0-F62303B28EE8}.Release|x86.Build.0 = Release|Any CPU
		{21D589E8-A7A1-4B01-A38B-7A17763AAF45}.Debug|Any CPU.ActiveCfg = Debug|Any CPU
		{21D589E8-A7A1-4B01-A38B-7A17763AAF45}.Debug|Any CPU.Build.0 = Debug|Any CPU
		{21D589E8-A7A1-4B01-A38B-7A17763AAF45}.Debug|ARM.ActiveCfg = Debug|Any CPU
		{21D589E8-A7A1-4B01-A38B-7A17763AAF45}.Debug|ARM.Build.0 = Debug|Any CPU
		{21D589E8-A7A1-4B01-A38B-7A17763AAF45}.Debug|ARM64.ActiveCfg = Debug|Any CPU
		{21D589E8-A7A1-4B01-A38B-7A17763AAF45}.Debug|ARM64.Build.0 = Debug|Any CPU
		{21D589E8-A7A1-4B01-A38B-7A17763AAF45}.Debug|x64.ActiveCfg = Debug|Any CPU
		{21D589E8-A7A1-4B01-A38B-7A17763AAF45}.Debug|x64.Build.0 = Debug|Any CPU
		{21D589E8-A7A1-4B01-A38B-7A17763AAF45}.Debug|x86.ActiveCfg = Debug|Any CPU
		{21D589E8-A7A1-4B01-A38B-7A17763AAF45}.Debug|x86.Build.0 = Debug|Any CPU
		{21D589E8-A7A1-4B01-A38B-7A17763AAF45}.Release|Any CPU.ActiveCfg = Release|Any CPU
		{21D589E8-A7A1-4B01-A38B-7A17763AAF45}.Release|Any CPU.Build.0 = Release|Any CPU
		{21D589E8-A7A1-4B01-A38B-7A17763AAF45}.Release|ARM.ActiveCfg = Release|Any CPU
		{21D589E8-A7A1-4B01-A38B-7A17763AAF45}.Release|ARM.Build.0 = Release|Any CPU
		{21D589E8-A7A1-4B01-A38B-7A17763AAF45}.Release|ARM64.ActiveCfg = Release|Any CPU
		{21D589E8-A7A1-4B01-A38B-7A17763AAF45}.Release|ARM64.Build.0 = Release|Any CPU
		{21D589E8-A7A1-4B01-A38B-7A17763AAF45}.Release|x64.ActiveCfg = Release|Any CPU
		{21D589E8-A7A1-4B01-A38B-7A17763AAF45}.Release|x64.Build.0 = Release|Any CPU
		{21D589E8-A7A1-4B01-A38B-7A17763AAF45}.Release|x86.ActiveCfg = Release|Any CPU
		{21D589E8-A7A1-4B01-A38B-7A17763AAF45}.Release|x86.Build.0 = Release|Any CPU
		{20D73415-2DA0-49E5-B13B-E2619C9D16C3}.Debug|Any CPU.ActiveCfg = Debug
		{20D73415-2DA0-49E5-B13B-E2619C9D16C3}.Debug|ARM.ActiveCfg = Debug
		{20D73415-2DA0-49E5-B13B-E2619C9D16C3}.Debug|ARM64.ActiveCfg = Debug
		{20D73415-2DA0-49E5-B13B-E2619C9D16C3}.Debug|x64.ActiveCfg = Debug
		{20D73415-2DA0-49E5-B13B-E2619C9D16C3}.Debug|x86.ActiveCfg = Debug
		{20D73415-2DA0-49E5-B13B-E2619C9D16C3}.Release|Any CPU.ActiveCfg = Release
		{20D73415-2DA0-49E5-B13B-E2619C9D16C3}.Release|ARM.ActiveCfg = Release
		{20D73415-2DA0-49E5-B13B-E2619C9D16C3}.Release|ARM64.ActiveCfg = Release
		{20D73415-2DA0-49E5-B13B-E2619C9D16C3}.Release|x64.ActiveCfg = Release
		{20D73415-2DA0-49E5-B13B-E2619C9D16C3}.Release|x86.ActiveCfg = Release
	EndGlobalSection
	GlobalSection(SolutionProperties) = preSolution
		HideSolutionNode = FALSE
	EndGlobalSection
	GlobalSection(ExtensibilityGlobals) = postSolution
		SolutionGuid = {BE3F4F5C-EFAB-423F-A6C0-5696B43B09E6}
	EndGlobalSection
EndGlobal
